
Microsoft Visual Studio Solution File, Format Version 12.00
# Visual Studio Version 16
VisualStudioVersion = 16.0.33920.266
MinimumVisualStudioVersion = 10.0.40219.1
Project("{FAE04EC0-301F-11D3-BF4B-00C04F79EFBC}") = "Design-Patterns", "Design-Patterns\Design-Patterns.csproj", "{05C16E53-E133-40B9-BA15-B3672A36E07C}"
EndProject
Global
	GlobalSection(SolutionConfigurationPlatforms) = preSolution
		Debug|Any CPU = Debug|Any CPU
		Release|Any CPU = Release|Any CPU
	EndGlobalSection
	GlobalSection(ProjectConfigurationPlatforms) = postSolution
		{05C16E53-E133-40B9-BA15-B3672A36E07C}.Debug|Any CPU.ActiveCfg = Debug|Any CPU
		{05C16E53-E133-40B9-BA15-B3672A36E07C}.Debug|Any CPU.Build.0 = Debug|Any CPU
		{05C16E53-E133-40B9-BA15-B3672A36E07C}.Release|Any CPU.ActiveCfg = Release|Any CPU
		{05C16E53-E133-40B9-BA15-B3672A36E07C}.Release|Any CPU.Build.0 = Release|Any CPU
	EndGlobalSection
	GlobalSection(SolutionProperties) = preSolution
		HideSolutionNode = FALSE
	EndGlobalSection
	GlobalSection(ExtensibilityGlobals) = postSolution
		SolutionGuid = {8AA0AD10-5388-4143-A46A-646A272401D4}
	EndGlobalSection
EndGlobal
